
Microsoft Visual Studio Solution File, Format Version 12.00
# Visual Studio Version 16
VisualStudioVersion = 16.0.30804.86
MinimumVisualStudioVersion = 10.0.40219.1
Project("{FAE04EC0-301F-11D3-BF4B-00C04F79EFBC}") = "Library-Master.Desktop", "Library-Master.Desktop\Library-Master.Desktop.csproj", "{350BD114-AE1A-4837-A2CC-A72A384AAE1A}"
EndProject
Global
	GlobalSection(SolutionConfigurationPlatforms) = preSolution
		Debug|Any CPU = Debug|Any CPU
		Release|Any CPU = Release|Any CPU
	EndGlobalSection
	GlobalSection(ProjectConfigurationPlatforms) = postSolution
		{350BD114-AE1A-4837-A2CC-A72A384AAE1A}.Debug|Any CPU.ActiveCfg = Debug|Any CPU
		{350BD114-AE1A-4837-A2CC-A72A384AAE1A}.Debug|Any CPU.Build.0 = Debug|Any CPU
		{350BD114-AE1A-4837-A2CC-A72A384AAE1A}.Release|Any CPU.ActiveCfg = Release|Any CPU
		{350BD114-AE1A-4837-A2CC-A72A384AAE1A}.Release|Any CPU.Build.0 = Release|Any CPU
	EndGlobalSection
	GlobalSection(SolutionProperties) = preSolution
		HideSolutionNode = FALSE
	EndGlobalSection
	GlobalSection(ExtensibilityGlobals) = postSolution
		SolutionGuid = {A433B65F-FC1D-48D9-90A9-E76C52EBDF10}
	EndGlobalSection
EndGlobal
